
Microsoft Visual Studio Solution File, Format Version 12.00
# Visual Studio Version 17
VisualStudioVersion = 17.8.34316.72
MinimumVisualStudioVersion = 10.0.40219.1
Project("{FAE04EC0-301F-11D3-BF4B-00C04F79EFBC}") = "ExercicioLinq", "ExercicioLinq\ExercicioLinq.csproj", "{39B1E6F5-3670-4660-A227-78B98128801D}"
EndProject
Global
	GlobalSection(SolutionConfigurationPlatforms) = preSolution
		Debug|Any CPU = Debug|Any CPU
		Release|Any CPU = Release|Any CPU
	EndGlobalSection
	GlobalSection(ProjectConfigurationPlatforms) = postSolution
		{39B1E6F5-3670-4660-A227-78B98128801D}.Debug|Any CPU.ActiveCfg = Debug|Any CPU
		{39B1E6F5-3670-4660-A227-78B98128801D}.Debug|Any CPU.Build.0 = Debug|Any CPU
		{39B1E6F5-3670-4660-A227-78B98128801D}.Release|Any CPU.ActiveCfg = Release|Any CPU
		{39B1E6F5-3670-4660-A227-78B98128801D}.Release|Any CPU.Build.0 = Release|Any CPU
	EndGlobalSection
	GlobalSection(SolutionProperties) = preSolution
		HideSolutionNode = FALSE
	EndGlobalSection
	GlobalSection(ExtensibilityGlobals) = postSolution
		SolutionGuid = {BB99B743-2CFD-4B40-B288-45EE00F798C8}
	EndGlobalSection
EndGlobal
